
Microsoft Visual Studio Solution File, Format Version 12.00
# Visual Studio 15
VisualStudioVersion = 15.0.27428.2005
MinimumVisualStudioVersion = 10.0.40219.1
Project("{FAE04EC0-301F-11D3-BF4B-00C04F79EFBC}") = "AudioBand", "AudioBand\AudioBand.csproj", "{B69832AD-8373-47AC-A52A-183238903896}"
EndProject
Project("{FAE04EC0-301F-11D3-BF4B-00C04F79EFBC}") = "AudioBand.AudioSource", "AudioBand.AudioSource\AudioBand.AudioSource.csproj", "{30F2BFEA-788A-494D-88E7-F2070528EBEA}"
EndProject
Project("{FAE04EC0-301F-11D3-BF4B-00C04F79EFBC}") = "SpotifyAudioSource", "SpotifyAudioSource\SpotifyAudioSource.csproj", "{43B57D81-7FAE-40D0-921E-E29F7E848288}"
EndProject
Project("{FAE04EC0-301F-11D3-BF4B-00C04F79EFBC}") = "AudioBand.Test", "AudioBand.Test\AudioBand.Test.csproj", "{E5E9CB59-C8CF-4042-9C13-F216153334B6}"
EndProject
Project("{FAE04EC0-301F-11D3-BF4B-00C04F79EFBC}") = "iTunesAudioSource", "iTunesAudioSource\iTunesAudioSource.csproj", "{6D881B7B-3F3F-4613-A83F-75E31EEA5252}"
EndProject
Project("{FAE04EC0-301F-11D3-BF4B-00C04F79EFBC}") = "MusicBeeAudioSource", "MusicBeeAudioSource\MusicBeeAudioSource.csproj", "{741DB79C-921D-4D91-85F1-CD10C746F46E}"
EndProject
Project("{FAE04EC0-301F-11D3-BF4B-00C04F79EFBC}") = "ServiceContracts", "ServiceContracts\ServiceContracts.csproj", "{4635735D-C08F-4FDA-8BAA-FA16AE58C1AA}"
EndProject
Project("{FAE04EC0-301F-11D3-BF4B-00C04F79EFBC}") = "AudioSourceHost", "AudioSourceHost\AudioSourceHost.csproj", "{D3F92C3E-E546-4A6B-ADA2-FACD95E229F7}"
EndProject
Global
	GlobalSection(SolutionConfigurationPlatforms) = preSolution
		Debug|Any CPU = Debug|Any CPU
		Release|Any CPU = Release|Any CPU
	EndGlobalSection
	GlobalSection(ProjectConfigurationPlatforms) = postSolution
		{B69832AD-8373-47AC-A52A-183238903896}.Debug|Any CPU.ActiveCfg = Debug|Any CPU
		{B69832AD-8373-47AC-A52A-183238903896}.Debug|Any CPU.Build.0 = Debug|Any CPU
		{B69832AD-8373-47AC-A52A-183238903896}.Release|Any CPU.ActiveCfg = Release|Any CPU
		{B69832AD-8373-47AC-A52A-183238903896}.Release|Any CPU.Build.0 = Release|Any CPU
		{30F2BFEA-788A-494D-88E7-F2070528EBEA}.Debug|Any CPU.ActiveCfg = Debug|Any CPU
		{30F2BFEA-788A-494D-88E7-F2070528EBEA}.Debug|Any CPU.Build.0 = Debug|Any CPU
		{30F2BFEA-788A-494D-88E7-F2070528EBEA}.Release|Any CPU.ActiveCfg = Release|Any CPU
		{30F2BFEA-788A-494D-88E7-F2070528EBEA}.Release|Any CPU.Build.0 = Release|Any CPU
		{43B57D81-7FAE-40D0-921E-E29F7E848288}.Debug|Any CPU.ActiveCfg = Debug|Any CPU
		{43B57D81-7FAE-40D0-921E-E29F7E848288}.Debug|Any CPU.Build.0 = Debug|Any CPU
		{43B57D81-7FAE-40D0-921E-E29F7E848288}.Release|Any CPU.ActiveCfg = Release|Any CPU
		{43B57D81-7FAE-40D0-921E-E29F7E848288}.Release|Any CPU.Build.0 = Release|Any CPU
		{E5E9CB59-C8CF-4042-9C13-F216153334B6}.Debug|Any CPU.ActiveCfg = Debug|Any CPU
		{E5E9CB59-C8CF-4042-9C13-F216153334B6}.Debug|Any CPU.Build.0 = Debug|Any CPU
		{E5E9CB59-C8CF-4042-9C13-F216153334B6}.Release|Any CPU.ActiveCfg = Release|Any CPU
		{E5E9CB59-C8CF-4042-9C13-F216153334B6}.Release|Any CPU.Build.0 = Release|Any CPU
		{6D881B7B-3F3F-4613-A83F-75E31EEA5252}.Debug|Any CPU.ActiveCfg = Debug|Any CPU
		{6D881B7B-3F3F-4613-A83F-75E31EEA5252}.Debug|Any CPU.Build.0 = Debug|Any CPU
		{6D881B7B-3F3F-4613-A83F-75E31EEA5252}.Release|Any CPU.ActiveCfg = Release|Any CPU
		{6D881B7B-3F3F-4613-A83F-75E31EEA5252}.Release|Any CPU.Build.0 = Release|Any CPU
		{741DB79C-921D-4D91-85F1-CD10C746F46E}.Debug|Any CPU.ActiveCfg = Debug|Any CPU
		{741DB79C-921D-4D91-85F1-CD10C746F46E}.Debug|Any CPU.Build.0 = Debug|Any CPU
		{741DB79C-921D-4D91-85F1-CD10C746F46E}.Release|Any CPU.ActiveCfg = Release|Any CPU
		{741DB79C-921D-4D91-85F1-CD10C746F46E}.Release|Any CPU.Build.0 = Release|Any CPU
		{4635735D-C08F-4FDA-8BAA-FA16AE58C1AA}.Debug|Any CPU.ActiveCfg = Debug|Any CPU
		{4635735D-C08F-4FDA-8BAA-FA16AE58C1AA}.Debug|Any CPU.Build.0 = Debug|Any CPU
		{4635735D-C08F-4FDA-8BAA-FA16AE58C1AA}.Release|Any CPU.ActiveCfg = Release|Any CPU
		{4635735D-C08F-4FDA-8BAA-FA16AE58C1AA}.Release|Any CPU.Build.0 = Release|Any CPU
		{D3F92C3E-E546-4A6B-ADA2-FACD95E229F7}.Debug|Any CPU.ActiveCfg = Debug|Any CPU
		{D3F92C3E-E546-4A6B-ADA2-FACD95E229F7}.Debug|Any CPU.Build.0 = Debug|Any CPU
		{D3F92C3E-E546-4A6B-ADA2-FACD95E229F7}.Release|Any CPU.ActiveCfg = Release|Any CPU
		{D3F92C3E-E546-4A6B-ADA2-FACD95E229F7}.Release|Any CPU.Build.0 = Release|Any CPU
	EndGlobalSection
	GlobalSection(SolutionProperties) = preSolution
		HideSolutionNode = FALSE
	EndGlobalSection
	GlobalSection(ExtensibilityGlobals) = postSolution
		SolutionGuid = {7C4FC539-D568-422E-8445-A0313878CB1F}
	EndGlobalSection
EndGlobal
