
Microsoft Visual Studio Solution File, Format Version 12.00
# Visual Studio Version 16
VisualStudioVersion = 16.0.28803.156
MinimumVisualStudioVersion = 10.0.40219.1
Project("{FAE04EC0-301F-11D3-BF4B-00C04F79EFBC}") = "AudioBand", "AudioBand\AudioBand.csproj", "{B69832AD-8373-47AC-A52A-183238903896}"
EndProject
Project("{FAE04EC0-301F-11D3-BF4B-00C04F79EFBC}") = "AudioBand.AudioSource", "AudioBand.AudioSource\AudioBand.AudioSource.csproj", "{30F2BFEA-788A-494D-88E7-F2070528EBEA}"
EndProject
Project("{FAE04EC0-301F-11D3-BF4B-00C04F79EFBC}") = "SpotifyAudioSource", "SpotifyAudioSource\SpotifyAudioSource.csproj", "{43B57D81-7FAE-40D0-921E-E29F7E848288}"
EndProject
Project("{FAE04EC0-301F-11D3-BF4B-00C04F79EFBC}") = "AudioBand.Test", "AudioBand.Test\AudioBand.Test.csproj", "{E5E9CB59-C8CF-4042-9C13-F216153334B6}"
EndProject
Project("{FAE04EC0-301F-11D3-BF4B-00C04F79EFBC}") = "iTunesAudioSource", "iTunesAudioSource\iTunesAudioSource.csproj", "{6D881B7B-3F3F-4613-A83F-75E31EEA5252}"
EndProject
Project("{FAE04EC0-301F-11D3-BF4B-00C04F79EFBC}") = "MusicBeeAudioSource", "MusicBeeAudioSource\MusicBeeAudioSource.csproj", "{741DB79C-921D-4D91-85F1-CD10C746F46E}"
EndProject
Project("{FAE04EC0-301F-11D3-BF4B-00C04F79EFBC}") = "AudioSourceHost", "AudioSourceHost\AudioSourceHost.csproj", "{D3F92C3E-E546-4A6B-ADA2-FACD95E229F7}"
EndProject
Project("{FAE04EC0-301F-11D3-BF4B-00C04F79EFBC}") = "AudioBand.Logging", "AudioBand.Logging\AudioBand.Logging.csproj", "{D8E1D3E5-D0AB-43C4-8AF6-60C14C5C6843}"
EndProject
Project("{930C7802-8A8C-48F9-8165-68863BCCD9DD}") = "AudioBandInstaller", "AudioBandInstaller\AudioBandInstaller.wixproj", "{4E9EEE47-23F6-45B7-9DDB-A34731D6AE4A}"
EndProject
Project("{2150E333-8FDC-42A3-9474-1A3956D46DE8}") = "AudioBand Core", "AudioBand Core", "{AD1A45A7-F5E2-4657-BA09-99F8A5421FF0}"
EndProject
Project("{2150E333-8FDC-42A3-9474-1A3956D46DE8}") = "Audio Sources", "Audio Sources", "{31BA7036-81E7-4D02-90CA-753832D950C5}"
EndProject
Project("{2150E333-8FDC-42A3-9474-1A3956D46DE8}") = "Tests", "Tests", "{E79F26F3-C51F-4375-BF1C-4090FAB8D16D}"
EndProject
Project("{FAE04EC0-301F-11D3-BF4B-00C04F79EFBC}") = "Win10AudioSource", "Win10AudioSource\Win10AudioSource.csproj", "{A709B842-7F5A-4C81-8A2E-80396996EF79}"
EndProject
Global
	GlobalSection(SolutionConfigurationPlatforms) = preSolution
		Debug|Any CPU = Debug|Any CPU
		Debug|x64 = Debug|x64
		Release|Any CPU = Release|Any CPU
		Release|x64 = Release|x64
		Test|Any CPU = Test|Any CPU
		Test|x64 = Test|x64
	EndGlobalSection
	GlobalSection(ProjectConfigurationPlatforms) = postSolution
		{B69832AD-8373-47AC-A52A-183238903896}.Debug|Any CPU.ActiveCfg = Debug|Any CPU
		{B69832AD-8373-47AC-A52A-183238903896}.Debug|Any CPU.Build.0 = Debug|Any CPU
		{B69832AD-8373-47AC-A52A-183238903896}.Debug|x64.ActiveCfg = Debug|Any CPU
		{B69832AD-8373-47AC-A52A-183238903896}.Debug|x64.Build.0 = Debug|Any CPU
		{B69832AD-8373-47AC-A52A-183238903896}.Release|Any CPU.ActiveCfg = Release|Any CPU
		{B69832AD-8373-47AC-A52A-183238903896}.Release|Any CPU.Build.0 = Release|Any CPU
		{B69832AD-8373-47AC-A52A-183238903896}.Release|x64.ActiveCfg = Release|Any CPU
		{B69832AD-8373-47AC-A52A-183238903896}.Release|x64.Build.0 = Release|Any CPU
		{B69832AD-8373-47AC-A52A-183238903896}.Test|Any CPU.ActiveCfg = Test|Any CPU
		{B69832AD-8373-47AC-A52A-183238903896}.Test|Any CPU.Build.0 = Test|Any CPU
		{B69832AD-8373-47AC-A52A-183238903896}.Test|x64.ActiveCfg = Test|Any CPU
		{B69832AD-8373-47AC-A52A-183238903896}.Test|x64.Build.0 = Test|Any CPU
		{30F2BFEA-788A-494D-88E7-F2070528EBEA}.Debug|Any CPU.ActiveCfg = Debug|Any CPU
		{30F2BFEA-788A-494D-88E7-F2070528EBEA}.Debug|Any CPU.Build.0 = Debug|Any CPU
		{30F2BFEA-788A-494D-88E7-F2070528EBEA}.Debug|x64.ActiveCfg = Debug|Any CPU
		{30F2BFEA-788A-494D-88E7-F2070528EBEA}.Debug|x64.Build.0 = Debug|Any CPU
		{30F2BFEA-788A-494D-88E7-F2070528EBEA}.Release|Any CPU.ActiveCfg = Release|Any CPU
		{30F2BFEA-788A-494D-88E7-F2070528EBEA}.Release|Any CPU.Build.0 = Release|Any CPU
		{30F2BFEA-788A-494D-88E7-F2070528EBEA}.Release|x64.ActiveCfg = Release|Any CPU
		{30F2BFEA-788A-494D-88E7-F2070528EBEA}.Release|x64.Build.0 = Release|Any CPU
		{30F2BFEA-788A-494D-88E7-F2070528EBEA}.Test|Any CPU.ActiveCfg = Test|Any CPU
		{30F2BFEA-788A-494D-88E7-F2070528EBEA}.Test|Any CPU.Build.0 = Test|Any CPU
		{30F2BFEA-788A-494D-88E7-F2070528EBEA}.Test|x64.ActiveCfg = Test|Any CPU
		{30F2BFEA-788A-494D-88E7-F2070528EBEA}.Test|x64.Build.0 = Test|Any CPU
		{43B57D81-7FAE-40D0-921E-E29F7E848288}.Debug|Any CPU.ActiveCfg = Debug|Any CPU
		{43B57D81-7FAE-40D0-921E-E29F7E848288}.Debug|Any CPU.Build.0 = Debug|Any CPU
		{43B57D81-7FAE-40D0-921E-E29F7E848288}.Debug|x64.ActiveCfg = Debug|Any CPU
		{43B57D81-7FAE-40D0-921E-E29F7E848288}.Debug|x64.Build.0 = Debug|Any CPU
		{43B57D81-7FAE-40D0-921E-E29F7E848288}.Release|Any CPU.ActiveCfg = Release|Any CPU
		{43B57D81-7FAE-40D0-921E-E29F7E848288}.Release|Any CPU.Build.0 = Release|Any CPU
		{43B57D81-7FAE-40D0-921E-E29F7E848288}.Release|x64.ActiveCfg = Release|Any CPU
		{43B57D81-7FAE-40D0-921E-E29F7E848288}.Release|x64.Build.0 = Release|Any CPU
		{43B57D81-7FAE-40D0-921E-E29F7E848288}.Test|Any CPU.ActiveCfg = Test|Any CPU
		{43B57D81-7FAE-40D0-921E-E29F7E848288}.Test|x64.ActiveCfg = Test|Any CPU
		{43B57D81-7FAE-40D0-921E-E29F7E848288}.Test|x64.Build.0 = Test|Any CPU
		{E5E9CB59-C8CF-4042-9C13-F216153334B6}.Debug|Any CPU.ActiveCfg = Debug|Any CPU
		{E5E9CB59-C8CF-4042-9C13-F216153334B6}.Debug|Any CPU.Build.0 = Debug|Any CPU
		{E5E9CB59-C8CF-4042-9C13-F216153334B6}.Debug|x64.ActiveCfg = Debug|Any CPU
		{E5E9CB59-C8CF-4042-9C13-F216153334B6}.Debug|x64.Build.0 = Debug|Any CPU
		{E5E9CB59-C8CF-4042-9C13-F216153334B6}.Release|Any CPU.ActiveCfg = Release|Any CPU
		{E5E9CB59-C8CF-4042-9C13-F216153334B6}.Release|Any CPU.Build.0 = Release|Any CPU
		{E5E9CB59-C8CF-4042-9C13-F216153334B6}.Release|x64.ActiveCfg = Release|Any CPU
		{E5E9CB59-C8CF-4042-9C13-F216153334B6}.Release|x64.Build.0 = Release|Any CPU
		{E5E9CB59-C8CF-4042-9C13-F216153334B6}.Test|Any CPU.ActiveCfg = Test|Any CPU
		{E5E9CB59-C8CF-4042-9C13-F216153334B6}.Test|Any CPU.Build.0 = Test|Any CPU
		{E5E9CB59-C8CF-4042-9C13-F216153334B6}.Test|x64.ActiveCfg = Test|Any CPU
		{E5E9CB59-C8CF-4042-9C13-F216153334B6}.Test|x64.Build.0 = Test|Any CPU
		{6D881B7B-3F3F-4613-A83F-75E31EEA5252}.Debug|Any CPU.ActiveCfg = Debug|Any CPU
		{6D881B7B-3F3F-4613-A83F-75E31EEA5252}.Debug|Any CPU.Build.0 = Debug|Any CPU
		{6D881B7B-3F3F-4613-A83F-75E31EEA5252}.Debug|x64.ActiveCfg = Debug|Any CPU
		{6D881B7B-3F3F-4613-A83F-75E31EEA5252}.Debug|x64.Build.0 = Debug|Any CPU
		{6D881B7B-3F3F-4613-A83F-75E31EEA5252}.Release|Any CPU.ActiveCfg = Release|Any CPU
		{6D881B7B-3F3F-4613-A83F-75E31EEA5252}.Release|Any CPU.Build.0 = Release|Any CPU
		{6D881B7B-3F3F-4613-A83F-75E31EEA5252}.Release|x64.ActiveCfg = Release|Any CPU
		{6D881B7B-3F3F-4613-A83F-75E31EEA5252}.Release|x64.Build.0 = Release|Any CPU
		{6D881B7B-3F3F-4613-A83F-75E31EEA5252}.Test|Any CPU.ActiveCfg = Test|Any CPU
		{6D881B7B-3F3F-4613-A83F-75E31EEA5252}.Test|x64.ActiveCfg = Test|Any CPU
		{6D881B7B-3F3F-4613-A83F-75E31EEA5252}.Test|x64.Build.0 = Test|Any CPU
		{741DB79C-921D-4D91-85F1-CD10C746F46E}.Debug|Any CPU.ActiveCfg = Debug|Any CPU
		{741DB79C-921D-4D91-85F1-CD10C746F46E}.Debug|Any CPU.Build.0 = Debug|Any CPU
		{741DB79C-921D-4D91-85F1-CD10C746F46E}.Debug|x64.ActiveCfg = Debug|Any CPU
		{741DB79C-921D-4D91-85F1-CD10C746F46E}.Debug|x64.Build.0 = Debug|Any CPU
		{741DB79C-921D-4D91-85F1-CD10C746F46E}.Release|Any CPU.ActiveCfg = Release|Any CPU
		{741DB79C-921D-4D91-85F1-CD10C746F46E}.Release|Any CPU.Build.0 = Release|Any CPU
		{741DB79C-921D-4D91-85F1-CD10C746F46E}.Release|x64.ActiveCfg = Release|Any CPU
		{741DB79C-921D-4D91-85F1-CD10C746F46E}.Release|x64.Build.0 = Release|Any CPU
		{741DB79C-921D-4D91-85F1-CD10C746F46E}.Test|Any CPU.ActiveCfg = Test|Any CPU
		{741DB79C-921D-4D91-85F1-CD10C746F46E}.Test|x64.ActiveCfg = Test|Any CPU
		{741DB79C-921D-4D91-85F1-CD10C746F46E}.Test|x64.Build.0 = Test|Any CPU
		{D3F92C3E-E546-4A6B-ADA2-FACD95E229F7}.Debug|Any CPU.ActiveCfg = Debug|Any CPU
		{D3F92C3E-E546-4A6B-ADA2-FACD95E229F7}.Debug|Any CPU.Build.0 = Debug|Any CPU
		{D3F92C3E-E546-4A6B-ADA2-FACD95E229F7}.Debug|x64.ActiveCfg = Debug|Any CPU
		{D3F92C3E-E546-4A6B-ADA2-FACD95E229F7}.Debug|x64.Build.0 = Debug|Any CPU
		{D3F92C3E-E546-4A6B-ADA2-FACD95E229F7}.Release|Any CPU.ActiveCfg = Release|Any CPU
		{D3F92C3E-E546-4A6B-ADA2-FACD95E229F7}.Release|Any CPU.Build.0 = Release|Any CPU
		{D3F92C3E-E546-4A6B-ADA2-FACD95E229F7}.Release|x64.ActiveCfg = Release|Any CPU
		{D3F92C3E-E546-4A6B-ADA2-FACD95E229F7}.Release|x64.Build.0 = Release|Any CPU
		{D3F92C3E-E546-4A6B-ADA2-FACD95E229F7}.Test|Any CPU.ActiveCfg = Test|Any CPU
		{D3F92C3E-E546-4A6B-ADA2-FACD95E229F7}.Test|Any CPU.Build.0 = Test|Any CPU
		{D3F92C3E-E546-4A6B-ADA2-FACD95E229F7}.Test|x64.ActiveCfg = Test|Any CPU
		{D3F92C3E-E546-4A6B-ADA2-FACD95E229F7}.Test|x64.Build.0 = Test|Any CPU
		{D8E1D3E5-D0AB-43C4-8AF6-60C14C5C6843}.Debug|Any CPU.ActiveCfg = Debug|Any CPU
		{D8E1D3E5-D0AB-43C4-8AF6-60C14C5C6843}.Debug|Any CPU.Build.0 = Debug|Any CPU
		{D8E1D3E5-D0AB-43C4-8AF6-60C14C5C6843}.Debug|x64.ActiveCfg = Debug|Any CPU
		{D8E1D3E5-D0AB-43C4-8AF6-60C14C5C6843}.Debug|x64.Build.0 = Debug|Any CPU
		{D8E1D3E5-D0AB-43C4-8AF6-60C14C5C6843}.Release|Any CPU.ActiveCfg = Release|Any CPU
		{D8E1D3E5-D0AB-43C4-8AF6-60C14C5C6843}.Release|Any CPU.Build.0 = Release|Any CPU
		{D8E1D3E5-D0AB-43C4-8AF6-60C14C5C6843}.Release|x64.ActiveCfg = Release|Any CPU
		{D8E1D3E5-D0AB-43C4-8AF6-60C14C5C6843}.Release|x64.Build.0 = Release|Any CPU
		{D8E1D3E5-D0AB-43C4-8AF6-60C14C5C6843}.Test|Any CPU.ActiveCfg = Test|Any CPU
		{D8E1D3E5-D0AB-43C4-8AF6-60C14C5C6843}.Test|Any CPU.Build.0 = Test|Any CPU
		{D8E1D3E5-D0AB-43C4-8AF6-60C14C5C6843}.Test|x64.ActiveCfg = Test|Any CPU
		{D8E1D3E5-D0AB-43C4-8AF6-60C14C5C6843}.Test|x64.Build.0 = Test|Any CPU
		{4E9EEE47-23F6-45B7-9DDB-A34731D6AE4A}.Debug|Any CPU.ActiveCfg = Debug|x64
		{4E9EEE47-23F6-45B7-9DDB-A34731D6AE4A}.Debug|x64.ActiveCfg = Debug|x64
		{4E9EEE47-23F6-45B7-9DDB-A34731D6AE4A}.Release|Any CPU.ActiveCfg = Release|x64
		{4E9EEE47-23F6-45B7-9DDB-A34731D6AE4A}.Release|x64.ActiveCfg = Release|x64
		{4E9EEE47-23F6-45B7-9DDB-A34731D6AE4A}.Release|x64.Build.0 = Release|x64
		{4E9EEE47-23F6-45B7-9DDB-A34731D6AE4A}.Test|Any CPU.ActiveCfg = Release|x64
		{4E9EEE47-23F6-45B7-9DDB-A34731D6AE4A}.Test|x64.ActiveCfg = Release|x64
		{A709B842-7F5A-4C81-8A2E-80396996EF79}.Debug|Any CPU.ActiveCfg = Debug|Any CPU
		{A709B842-7F5A-4C81-8A2E-80396996EF79}.Debug|Any CPU.Build.0 = Debug|Any CPU
		{A709B842-7F5A-4C81-8A2E-80396996EF79}.Debug|x64.ActiveCfg = Debug|Any CPU
		{A709B842-7F5A-4C81-8A2E-80396996EF79}.Debug|x64.Build.0 = Debug|Any CPU
		{A709B842-7F5A-4C81-8A2E-80396996EF79}.Release|Any CPU.ActiveCfg = Release|Any CPU
		{A709B842-7F5A-4C81-8A2E-80396996EF79}.Release|Any CPU.Build.0 = Release|Any CPU
		{A709B842-7F5A-4C81-8A2E-80396996EF79}.Release|x64.ActiveCfg = Release|Any CPU
		{A709B842-7F5A-4C81-8A2E-80396996EF79}.Release|x64.Build.0 = Release|Any CPU
		{A709B842-7F5A-4C81-8A2E-80396996EF79}.Test|Any CPU.ActiveCfg = Release|Any CPU
		{A709B842-7F5A-4C81-8A2E-80396996EF79}.Test|Any CPU.Build.0 = Release|Any CPU
		{A709B842-7F5A-4C81-8A2E-80396996EF79}.Test|x64.ActiveCfg = Release|Any CPU
		{A709B842-7F5A-4C81-8A2E-80396996EF79}.Test|x64.Build.0 = Release|Any CPU
	EndGlobalSection
	GlobalSection(SolutionProperties) = preSolution
		HideSolutionNode = FALSE
	EndGlobalSection
	GlobalSection(NestedProjects) = preSolution
		{B69832AD-8373-47AC-A52A-183238903896} = {AD1A45A7-F5E2-4657-BA09-99F8A5421FF0}
		{30F2BFEA-788A-494D-88E7-F2070528EBEA} = {AD1A45A7-F5E2-4657-BA09-99F8A5421FF0}
		{43B57D81-7FAE-40D0-921E-E29F7E848288} = {31BA7036-81E7-4D02-90CA-753832D950C5}
		{E5E9CB59-C8CF-4042-9C13-F216153334B6} = {E79F26F3-C51F-4375-BF1C-4090FAB8D16D}
		{6D881B7B-3F3F-4613-A83F-75E31EEA5252} = {31BA7036-81E7-4D02-90CA-753832D950C5}
		{741DB79C-921D-4D91-85F1-CD10C746F46E} = {31BA7036-81E7-4D02-90CA-753832D950C5}
		{D3F92C3E-E546-4A6B-ADA2-FACD95E229F7} = {AD1A45A7-F5E2-4657-BA09-99F8A5421FF0}
		{D8E1D3E5-D0AB-43C4-8AF6-60C14C5C6843} = {AD1A45A7-F5E2-4657-BA09-99F8A5421FF0}
		{A709B842-7F5A-4C81-8A2E-80396996EF79} = {31BA7036-81E7-4D02-90CA-753832D950C5}
	EndGlobalSection
	GlobalSection(ExtensibilityGlobals) = postSolution
		SolutionGuid = {7C4FC539-D568-422E-8445-A0313878CB1F}
	EndGlobalSection
EndGlobal
